// !$*UTF8*$!
{
	archiveVersion = 1;
	classes = {
	};
	objectVersion = 46;
	objects = {

/* Begin PBXBuildFile section */
		3A44E9AF1AD0CD29000FCCC3 /* main.m in Sources */ = {isa = PBXBuildFile; fileRef = 3A44E9AE1AD0CD29000FCCC3 /* main.m */; };
		3A76F58E1AD1D0B100357D66 /* Card.m in Sources */ = {isa = PBXBuildFile; fileRef = 3A76F58D1AD1D0B100357D66 /* Card.m */; };
		3A76F5911AD1D14A00357D66 /* Deck.m in Sources */ = {isa = PBXBuildFile; fileRef = 3A76F5901AD1D14A00357D66 /* Deck.m */; };
		3A76F5941AD1D47B00357D66 /* PlayingCard.m in Sources */ = {isa = PBXBuildFile; fileRef = 3A76F5931AD1D47B00357D66 /* PlayingCard.m */; };
		3A76F5971AD1D7BE00357D66 /* PlayingCardDeck.m in Sources */ = {isa = PBXBuildFile; fileRef = 3A76F5961AD1D7BE00357D66 /* PlayingCardDeck.m */; };
/* End PBXBuildFile section */

/* Begin PBXCopyFilesBuildPhase section */
		3A44E9A91AD0CD29000FCCC3 /* CopyFiles */ = {
			isa = PBXCopyFilesBuildPhase;
			buildActionMask = 2147483647;
			dstPath = /usr/share/man/man1/;
			dstSubfolderSpec = 0;
			files = (
			);
			runOnlyForDeploymentPostprocessing = 1;
		};
/* End PBXCopyFilesBuildPhase section */

/* Begin PBXFileReference section */
		3A44E9AB1AD0CD29000FCCC3 /* LearningObjectiveC */ = {isa = PBXFileReference; explicitFileType = "compiled.mach-o.executable"; includeInIndex = 0; path = LearningObjectiveC; sourceTree = BUILT_PRODUCTS_DIR; };
		3A44E9AE1AD0CD29000FCCC3 /* main.m */ = {isa = PBXFileReference; lastKnownFileType = sourcecode.c.objc; path = main.m; sourceTree = "<group>"; };
		3A76F58C1AD1D09200357D66 /* Card.h */ = {isa = PBXFileReference; lastKnownFileType = sourcecode.c.h; path = Card.h; sourceTree = "<group>"; };
		3A76F58D1AD1D0B100357D66 /* Card.m */ = {isa = PBXFileReference; fileEncoding = 4; lastKnownFileType = sourcecode.c.objc; path = Card.m; sourceTree = "<group>"; };
		3A76F58F1AD1D0FC00357D66 /* Deck.h */ = {isa = PBXFileReference; lastKnownFileType = sourcecode.c.h; path = Deck.h; sourceTree = "<group>"; };
		3A76F5901AD1D14A00357D66 /* Deck.m */ = {isa = PBXFileReference; fileEncoding = 4; lastKnownFileType = sourcecode.c.objc; path = Deck.m; sourceTree = "<group>"; };
		3A76F5921AD1D42400357D66 /* PlayingCard.h */ = {isa = PBXFileReference; lastKnownFileType = sourcecode.c.h; path = PlayingCard.h; sourceTree = "<group>"; };
		3A76F5931AD1D47B00357D66 /* PlayingCard.m */ = {isa = PBXFileReference; fileEncoding = 4; lastKnownFileType = sourcecode.c.objc; path = PlayingCard.m; sourceTree = "<group>"; };
		3A76F5951AD1D7A200357D66 /* PlayingCardDeck.h */ = {isa = PBXFileReference; lastKnownFileType = sourcecode.c.h; path = PlayingCardDeck.h; sourceTree = "<group>"; };
		3A76F5961AD1D7BE00357D66 /* PlayingCardDeck.m */ = {isa = PBXFileReference; fileEncoding = 4; lastKnownFileType = sourcecode.c.objc; path = PlayingCardDeck.m; sourceTree = "<group>"; };
		3A96518C1AD7039D0022F51C /* Storyboard.storyboard */ = {isa = PBXFileReference; fileEncoding = 4; lastKnownFileType = file.storyboard; path = Storyboard.storyboard; sourceTree = "<group>"; };
/* End PBXFileReference section */

/* Begin PBXFrameworksBuildPhase section */
		3A44E9A81AD0CD29000FCCC3 /* Frameworks */ = {
			isa = PBXFrameworksBuildPhase;
			buildActionMask = 2147483647;
			files = (
			);
			runOnlyForDeploymentPostprocessing = 0;
		};
/* End PBXFrameworksBuildPhase section */

/* Begin PBXGroup section */
		3A44E9A21AD0CD29000FCCC3 = {
			isa = PBXGroup;
			children = (
				3A44E9AD1AD0CD29000FCCC3 /* LearningObjectiveC */,
				3A44E9AC1AD0CD29000FCCC3 /* Products */,
			);
			sourceTree = "<group>";
		};
		3A44E9AC1AD0CD29000FCCC3 /* Products */ = {
			isa = PBXGroup;
			children = (
				3A44E9AB1AD0CD29000FCCC3 /* LearningObjectiveC */,
			);
			name = Products;
			sourceTree = "<group>";
		};
		3A44E9AD1AD0CD29000FCCC3 /* LearningObjectiveC */ = {
			isa = PBXGroup;
			children = (
				3A44E9AE1AD0CD29000FCCC3 /* main.m */,
				3A76F58C1AD1D09200357D66 /* Card.h */,
				3A76F58D1AD1D0B100357D66 /* Card.m */,
				3A76F58F1AD1D0FC00357D66 /* Deck.h */,
				3A76F5901AD1D14A00357D66 /* Deck.m */,
				3A76F5921AD1D42400357D66 /* PlayingCard.h */,
				3A76F5931AD1D47B00357D66 /* PlayingCard.m */,
				3A76F5951AD1D7A200357D66 /* PlayingCardDeck.h */,
				3A76F5961AD1D7BE00357D66 /* PlayingCardDeck.m */,
				3A96518C1AD7039D0022F51C /* Storyboard.storyboard */,
			);
			path = LearningObjectiveC;
			sourceTree = "<group>";
		};
/* End PBXGroup section */

/* Begin PBXNativeTarget section */
		3A44E9AA1AD0CD29000FCCC3 /* LearningObjectiveC */ = {
			isa = PBXNativeTarget;
			buildConfigurationList = 3A44E9B21AD0CD29000FCCC3 /* Build configuration list for PBXNativeTarget "LearningObjectiveC" */;
			buildPhases = (
				3A44E9A71AD0CD29000FCCC3 /* Sources */,
				3A44E9A81AD0CD29000FCCC3 /* Frameworks */,
				3A44E9A91AD0CD29000FCCC3 /* CopyFiles */,
			);
			buildRules = (
			);
			dependencies = (
			);
			name = LearningObjectiveC;
			productName = LearningObjectiveC;
			productReference = 3A44E9AB1AD0CD29000FCCC3 /* LearningObjectiveC */;
			productType = "com.apple.product-type.tool";
		};
/* End PBXNativeTarget section */

/* Begin PBXProject section */
		3A44E9A31AD0CD29000FCCC3 /* Project object */ = {
			isa = PBXProject;
			attributes = {
				LastUpgradeCheck = 0620;
				ORGANIZATIONNAME = "Ryan Walberg";
				TargetAttributes = {
					3A44E9AA1AD0CD29000FCCC3 = {
						CreatedOnToolsVersion = 6.2;
					};
				};
			};
			buildConfigurationList = 3A44E9A61AD0CD29000FCCC3 /* Build configuration list for PBXProject "LearningObjectiveC" */;
			compatibilityVersion = "Xcode 3.2";
			developmentRegion = English;
			hasScannedForEncodings = 0;
			knownRegions = (
				en,
			);
			mainGroup = 3A44E9A21AD0CD29000FCCC3;
			productRefGroup = 3A44E9AC1AD0CD29000FCCC3 /* Products */;
			projectDirPath = "";
			projectRoot = "";
			targets = (
				3A44E9AA1AD0CD29000FCCC3 /* LearningObjectiveC */,
			);
		};
/* End PBXProject section */

/* Begin PBXSourcesBuildPhase section */
		3A44E9A71AD0CD29000FCCC3 /* Sources */ = {
			isa = PBXSourcesBuildPhase;
			buildActionMask = 2147483647;
			files = (
				3A76F5971AD1D7BE00357D66 /* PlayingCardDeck.m in Sources */,
				3A76F5911AD1D14A00357D66 /* Deck.m in Sources */,
				3A44E9AF1AD0CD29000FCCC3 /* main.m in Sources */,
				3A76F5941AD1D47B00357D66 /* PlayingCard.m in Sources */,
				3A76F58E1AD1D0B100357D66 /* Card.m in Sources */,
			);
			runOnlyForDeploymentPostprocessing = 0;
		};
/* End PBXSourcesBuildPhase section */

/* Begin XCBuildConfiguration section */
		3A44E9B01AD0CD29000FCCC3 /* Debug */ = {
			isa = XCBuildConfiguration;
			buildSettings = {
				ALWAYS_SEARCH_USER_PATHS = NO;
				CLANG_CXX_LANGUAGE_STANDARD = "gnu++0x";
				CLANG_CXX_LIBRARY = "libc++";
				CLANG_ENABLE_MODULES = YES;
				CLANG_ENABLE_OBJC_ARC = YES;
				CLANG_WARN_BOOL_CONVERSION = YES;
				CLANG_WARN_CONSTANT_CONVERSION = YES;
				CLANG_WARN_DIRECT_OBJC_ISA_USAGE = YES_ERROR;
				CLANG_WARN_EMPTY_BODY = YES;
				CLANG_WARN_ENUM_CONVERSION = YES;
				CLANG_WARN_INT_CONVERSION = YES;
				CLANG_WARN_OBJC_ROOT_CLASS = YES_ERROR;
				CLANG_WARN_UNREACHABLE_CODE = YES;
				CLANG_WARN__DUPLICATE_METHOD_MATCH = YES;
				COPY_PHASE_STRIP = NO;
				ENABLE_STRICT_OBJC_MSGSEND = YES;
				GCC_C_LANGUAGE_STANDARD = gnu99;
				GCC_DYNAMIC_NO_PIC = NO;
				GCC_OPTIMIZATION_LEVEL = 0;
				GCC_PREPROCESSOR_DEFINITIONS = (
					"DEBUG=1",
					"$(inherited)",
				);
				GCC_SYMBOLS_PRIVATE_EXTERN = NO;
				GCC_WARN_64_TO_32_BIT_CONVERSION = YES;
				GCC_WARN_ABOUT_RETURN_TYPE = YES_ERROR;
				GCC_WARN_UNDECLARED_SELECTOR = YES;
				GCC_WARN_UNINITIALIZED_AUTOS = YES_AGGRESSIVE;
				GCC_WARN_UNUSED_FUNCTION = YES;
				GCC_WARN_UNUSED_VARIABLE = YES;
				MACOSX_DEPLOYMENT_TARGET = 10.10;
				MTL_ENABLE_DEBUG_INFO = YES;
				ONLY_ACTIVE_ARCH = YES;
				SDKROOT = macosx;
			};
			name = Debug;
		};
		3A44E9B11AD0CD29000FCCC3 /* Release */ = {
			isa = XCBuildConfiguration;
			buildSettings = {
				ALWAYS_SEARCH_USER_PATHS = NO;
				CLANG_CXX_LANGUAGE_STANDARD = "gnu++0x";
				CLANG_CXX_LIBRARY = "libc++";
				CLANG_ENABLE_MODULES = YES;
				CLANG_ENABLE_OBJC_ARC = YES;
				CLANG_WARN_BOOL_CONVERSION = YES;
				CLANG_WARN_CONSTANT_CONVERSION = YES;
				CLANG_WARN_DIRECT_OBJC_ISA_USAGE = YES_ERROR;
				CLANG_WARN_EMPTY_BODY = YES;
				CLANG_WARN_ENUM_CONVERSION = YES;
				CLANG_WARN_INT_CONVERSION = YES;
				CLANG_WARN_OBJC_ROOT_CLASS = YES_ERROR;
				CLANG_WARN_UNREACHABLE_CODE = YES;
				CLANG_WARN__DUPLICATE_METHOD_MATCH = YES;
				COPY_PHASE_STRIP = NO;
				DEBUG_INFORMATION_FORMAT = "dwarf-with-dsym";
				ENABLE_NS_ASSERTIONS = NO;
				ENABLE_STRICT_OBJC_MSGSEND = YES;
				GCC_C_LANGUAGE_STANDARD = gnu99;
				GCC_WARN_64_TO_32_BIT_CONVERSION = YES;
				GCC_WARN_ABOUT_RETURN_TYPE = YES_ERROR;
				GCC_WARN_UNDECLARED_SELECTOR = YES;
				GCC_WARN_UNINITIALIZED_AUTOS = YES_AGGRESSIVE;
				GCC_WARN_UNUSED_FUNCTION = YES;
				GCC_WARN_UNUSED_VARIABLE = YES;
				MACOSX_DEPLOYMENT_TARGET = 10.10;
				MTL_ENABLE_DEBUG_INFO = NO;
				SDKROOT = macosx;
			};
			name = Release;
		};
		3A44E9B31AD0CD29000FCCC3 /* Debug */ = {
			isa = XCBuildConfiguration;
			buildSettings = {
				PRODUCT_NAME = "$(TARGET_NAME)";
			};
			name = Debug;
		};
		3A44E9B41AD0CD29000FCCC3 /* Release */ = {
			isa = XCBuildConfiguration;
			buildSettings = {
				PRODUCT_NAME = "$(TARGET_NAME)";
			};
			name = Release;
		};
/* End XCBuildConfiguration section */

/* Begin XCConfigurationList section */
		3A44E9A61AD0CD29000FCCC3 /* Build configuration list for PBXProject "LearningObjectiveC" */ = {
			isa = XCConfigurationList;
			buildConfigurations = (
				3A44E9B01AD0CD29000FCCC3 /* Debug */,
				3A44E9B11AD0CD29000FCCC3 /* Release */,
			);
			defaultConfigurationIsVisible = 0;
			defaultConfigurationName = Release;
		};
		3A44E9B21AD0CD29000FCCC3 /* Build configuration list for PBXNativeTarget "LearningObjectiveC" */ = {
			isa = XCConfigurationList;
			buildConfigurations = (
				3A44E9B31AD0CD29000FCCC3 /* Debug */,
				3A44E9B41AD0CD29000FCCC3 /* Release */,
			);
			defaultConfigurationIsVisible = 0;
			defaultConfigurationName = Release;
		};
/* End XCConfigurationList section */
	};
	rootObject = 3A44E9A31AD0CD29000FCCC3 /* Project object */;
}
