// !$*UTF8*$!
{
	archiveVersion = 1;
	classes = {
	};
	objectVersion = 46;
	objects = {

/* Begin PBXBuildFile section */
		3AF8DBAB1B220DA40041A115 /* main.m in Sources */ = {isa = PBXBuildFile; fileRef = 3AF8DBAA1B220DA40041A115 /* main.m */; };
		3AF8DBAE1B220DA40041A115 /* AppDelegate.m in Sources */ = {isa = PBXBuildFile; fileRef = 3AF8DBAD1B220DA40041A115 /* AppDelegate.m */; };
		3AF8DBB11B220DA40041A115 /* AttributorViewController.m in Sources */ = {isa = PBXBuildFile; fileRef = 3AF8DBB01B220DA40041A115 /* AttributorViewController.m */; };
		3AF8DBB41B220DA40041A115 /* Main.storyboard in Resources */ = {isa = PBXBuildFile; fileRef = 3AF8DBB21B220DA40041A115 /* Main.storyboard */; };
		3AF8DBB61B220DA40041A115 /* Images.xcassets in Resources */ = {isa = PBXBuildFile; fileRef = 3AF8DBB51B220DA40041A115 /* Images.xcassets */; };
		3AF8DBB91B220DA40041A115 /* LaunchScreen.xib in Resources */ = {isa = PBXBuildFile; fileRef = 3AF8DBB71B220DA40041A115 /* LaunchScreen.xib */; };
		3AF8DBC51B220DA40041A115 /* AttributorTests.m in Sources */ = {isa = PBXBuildFile; fileRef = 3AF8DBC41B220DA40041A115 /* AttributorTests.m */; };
/* End PBXBuildFile section */

/* Begin PBXContainerItemProxy section */
		3AF8DBBF1B220DA40041A115 /* PBXContainerItemProxy */ = {
			isa = PBXContainerItemProxy;
			containerPortal = 3AF8DB9D1B220DA40041A115 /* Project object */;
			proxyType = 1;
			remoteGlobalIDString = 3AF8DBA41B220DA40041A115;
			remoteInfo = Attributor;
		};
/* End PBXContainerItemProxy section */

/* Begin PBXFileReference section */
		3AF8DBA51B220DA40041A115 /* Attributor.app */ = {isa = PBXFileReference; explicitFileType = wrapper.application; includeInIndex = 0; path = Attributor.app; sourceTree = BUILT_PRODUCTS_DIR; };
		3AF8DBA91B220DA40041A115 /* Info.plist */ = {isa = PBXFileReference; lastKnownFileType = text.plist.xml; path = Info.plist; sourceTree = "<group>"; };
		3AF8DBAA1B220DA40041A115 /* main.m */ = {isa = PBXFileReference; lastKnownFileType = sourcecode.c.objc; path = main.m; sourceTree = "<group>"; };
		3AF8DBAC1B220DA40041A115 /* AppDelegate.h */ = {isa = PBXFileReference; lastKnownFileType = sourcecode.c.h; path = AppDelegate.h; sourceTree = "<group>"; };
		3AF8DBAD1B220DA40041A115 /* AppDelegate.m */ = {isa = PBXFileReference; lastKnownFileType = sourcecode.c.objc; path = AppDelegate.m; sourceTree = "<group>"; };
		3AF8DBAF1B220DA40041A115 /* AttributorViewController.h */ = {isa = PBXFileReference; lastKnownFileType = sourcecode.c.h; path = AttributorViewController.h; sourceTree = "<group>"; };
		3AF8DBB01B220DA40041A115 /* AttributorViewController.m */ = {isa = PBXFileReference; lastKnownFileType = sourcecode.c.objc; path = AttributorViewController.m; sourceTree = "<group>"; };
		3AF8DBB31B220DA40041A115 /* Base */ = {isa = PBXFileReference; lastKnownFileType = file.storyboard; name = Base; path = Base.lproj/Main.storyboard; sourceTree = "<group>"; };
		3AF8DBB51B220DA40041A115 /* Images.xcassets */ = {isa = PBXFileReference; lastKnownFileType = folder.assetcatalog; path = Images.xcassets; sourceTree = "<group>"; };
		3AF8DBB81B220DA40041A115 /* Base */ = {isa = PBXFileReference; lastKnownFileType = file.xib; name = Base; path = Base.lproj/LaunchScreen.xib; sourceTree = "<group>"; };
		3AF8DBBE1B220DA40041A115 /* AttributorTests.xctest */ = {isa = PBXFileReference; explicitFileType = wrapper.cfbundle; includeInIndex = 0; path = AttributorTests.xctest; sourceTree = BUILT_PRODUCTS_DIR; };
		3AF8DBC31B220DA40041A115 /* Info.plist */ = {isa = PBXFileReference; lastKnownFileType = text.plist.xml; path = Info.plist; sourceTree = "<group>"; };
		3AF8DBC41B220DA40041A115 /* AttributorTests.m */ = {isa = PBXFileReference; lastKnownFileType = sourcecode.c.objc; path = AttributorTests.m; sourceTree = "<group>"; };
/* End PBXFileReference section */

/* Begin PBXFrameworksBuildPhase section */
		3AF8DBA21B220DA40041A115 /* Frameworks */ = {
			isa = PBXFrameworksBuildPhase;
			buildActionMask = 2147483647;
			files = (
			);
			runOnlyForDeploymentPostprocessing = 0;
		};
		3AF8DBBB1B220DA40041A115 /* Frameworks */ = {
			isa = PBXFrameworksBuildPhase;
			buildActionMask = 2147483647;
			files = (
			);
			runOnlyForDeploymentPostprocessing = 0;
		};
/* End PBXFrameworksBuildPhase section */

/* Begin PBXGroup section */
		3AF8DB9C1B220DA40041A115 = {
			isa = PBXGroup;
			children = (
				3AF8DBA71B220DA40041A115 /* Attributor */,
				3AF8DBC11B220DA40041A115 /* AttributorTests */,
				3AF8DBA61B220DA40041A115 /* Products */,
			);
			sourceTree = "<group>";
		};
		3AF8DBA61B220DA40041A115 /* Products */ = {
			isa = PBXGroup;
			children = (
				3AF8DBA51B220DA40041A115 /* Attributor.app */,
				3AF8DBBE1B220DA40041A115 /* AttributorTests.xctest */,
			);
			name = Products;
			sourceTree = "<group>";
		};
		3AF8DBA71B220DA40041A115 /* Attributor */ = {
			isa = PBXGroup;
			children = (
				3AF8DBAF1B220DA40041A115 /* AttributorViewController.h */,
				3AF8DBB01B220DA40041A115 /* AttributorViewController.m */,
				3AF8DBB21B220DA40041A115 /* Main.storyboard */,
				3AF8DBB51B220DA40041A115 /* Images.xcassets */,
				3AF8DBB71B220DA40041A115 /* LaunchScreen.xib */,
				3AF8DBA81B220DA40041A115 /* Supporting Files */,
			);
			path = Attributor;
			sourceTree = "<group>";
		};
		3AF8DBA81B220DA40041A115 /* Supporting Files */ = {
			isa = PBXGroup;
			children = (
				3AF8DBAC1B220DA40041A115 /* AppDelegate.h */,
				3AF8DBAD1B220DA40041A115 /* AppDelegate.m */,
				3AF8DBA91B220DA40041A115 /* Info.plist */,
				3AF8DBAA1B220DA40041A115 /* main.m */,
			);
			name = "Supporting Files";
			sourceTree = "<group>";
		};
		3AF8DBC11B220DA40041A115 /* AttributorTests */ = {
			isa = PBXGroup;
			children = (
				3AF8DBC41B220DA40041A115 /* AttributorTests.m */,
				3AF8DBC21B220DA40041A115 /* Supporting Files */,
			);
			path = AttributorTests;
			sourceTree = "<group>";
		};
		3AF8DBC21B220DA40041A115 /* Supporting Files */ = {
			isa = PBXGroup;
			children = (
				3AF8DBC31B220DA40041A115 /* Info.plist */,
			);
			name = "Supporting Files";
			sourceTree = "<group>";
		};
/* End PBXGroup section */

/* Begin PBXNativeTarget section */
		3AF8DBA41B220DA40041A115 /* Attributor */ = {
			isa = PBXNativeTarget;
			buildConfigurationList = 3AF8DBC81B220DA40041A115 /* Build configuration list for PBXNativeTarget "Attributor" */;
			buildPhases = (
				3AF8DBA11B220DA40041A115 /* Sources */,
				3AF8DBA21B220DA40041A115 /* Frameworks */,
				3AF8DBA31B220DA40041A115 /* Resources */,
			);
			buildRules = (
			);
			dependencies = (
			);
			name = Attributor;
			productName = Attributor;
			productReference = 3AF8DBA51B220DA40041A115 /* Attributor.app */;
			productType = "com.apple.product-type.application";
		};
		3AF8DBBD1B220DA40041A115 /* AttributorTests */ = {
			isa = PBXNativeTarget;
			buildConfigurationList = 3AF8DBCB1B220DA40041A115 /* Build configuration list for PBXNativeTarget "AttributorTests" */;
			buildPhases = (
				3AF8DBBA1B220DA40041A115 /* Sources */,
				3AF8DBBB1B220DA40041A115 /* Frameworks */,
				3AF8DBBC1B220DA40041A115 /* Resources */,
			);
			buildRules = (
			);
			dependencies = (
				3AF8DBC01B220DA40041A115 /* PBXTargetDependency */,
			);
			name = AttributorTests;
			productName = AttributorTests;
			productReference = 3AF8DBBE1B220DA40041A115 /* AttributorTests.xctest */;
			productType = "com.apple.product-type.bundle.unit-test";
		};
/* End PBXNativeTarget section */

/* Begin PBXProject section */
		3AF8DB9D1B220DA40041A115 /* Project object */ = {
			isa = PBXProject;
			attributes = {
				LastUpgradeCheck = 0630;
				ORGANIZATIONNAME = "Ryan Walberg";
				TargetAttributes = {
					3AF8DBA41B220DA40041A115 = {
						CreatedOnToolsVersion = 6.3.2;
					};
					3AF8DBBD1B220DA40041A115 = {
						CreatedOnToolsVersion = 6.3.2;
						TestTargetID = 3AF8DBA41B220DA40041A115;
					};
				};
			};
			buildConfigurationList = 3AF8DBA01B220DA40041A115 /* Build configuration list for PBXProject "Attributor" */;
			compatibilityVersion = "Xcode 3.2";
			developmentRegion = English;
			hasScannedForEncodings = 0;
			knownRegions = (
				en,
				Base,
			);
			mainGroup = 3AF8DB9C1B220DA40041A115;
			productRefGroup = 3AF8DBA61B220DA40041A115 /* Products */;
			projectDirPath = "";
			projectRoot = "";
			targets = (
				3AF8DBA41B220DA40041A115 /* Attributor */,
				3AF8DBBD1B220DA40041A115 /* AttributorTests */,
			);
		};
/* End PBXProject section */

/* Begin PBXResourcesBuildPhase section */
		3AF8DBA31B220DA40041A115 /* Resources */ = {
			isa = PBXResourcesBuildPhase;
			buildActionMask = 2147483647;
			files = (
				3AF8DBB41B220DA40041A115 /* Main.storyboard in Resources */,
				3AF8DBB91B220DA40041A115 /* LaunchScreen.xib in Resources */,
				3AF8DBB61B220DA40041A115 /* Images.xcassets in Resources */,
			);
			runOnlyForDeploymentPostprocessing = 0;
		};
		3AF8DBBC1B220DA40041A115 /* Resources */ = {
			isa = PBXResourcesBuildPhase;
			buildActionMask = 2147483647;
			files = (
			);
			runOnlyForDeploymentPostprocessing = 0;
		};
/* End PBXResourcesBuildPhase section */

/* Begin PBXSourcesBuildPhase section */
		3AF8DBA11B220DA40041A115 /* Sources */ = {
			isa = PBXSourcesBuildPhase;
			buildActionMask = 2147483647;
			files = (
				3AF8DBB11B220DA40041A115 /* AttributorViewController.m in Sources */,
				3AF8DBAE1B220DA40041A115 /* AppDelegate.m in Sources */,
				3AF8DBAB1B220DA40041A115 /* main.m in Sources */,
			);
			runOnlyForDeploymentPostprocessing = 0;
		};
		3AF8DBBA1B220DA40041A115 /* Sources */ = {
			isa = PBXSourcesBuildPhase;
			buildActionMask = 2147483647;
			files = (
				3AF8DBC51B220DA40041A115 /* AttributorTests.m in Sources */,
			);
			runOnlyForDeploymentPostprocessing = 0;
		};
/* End PBXSourcesBuildPhase section */

/* Begin PBXTargetDependency section */
		3AF8DBC01B220DA40041A115 /* PBXTargetDependency */ = {
			isa = PBXTargetDependency;
			target = 3AF8DBA41B220DA40041A115 /* Attributor */;
			targetProxy = 3AF8DBBF1B220DA40041A115 /* PBXContainerItemProxy */;
		};
/* End PBXTargetDependency section */

/* Begin PBXVariantGroup section */
		3AF8DBB21B220DA40041A115 /* Main.storyboard */ = {
			isa = PBXVariantGroup;
			children = (
				3AF8DBB31B220DA40041A115 /* Base */,
			);
			name = Main.storyboard;
			sourceTree = "<group>";
		};
		3AF8DBB71B220DA40041A115 /* LaunchScreen.xib */ = {
			isa = PBXVariantGroup;
			children = (
				3AF8DBB81B220DA40041A115 /* Base */,
			);
			name = LaunchScreen.xib;
			sourceTree = "<group>";
		};
/* End PBXVariantGroup section */

/* Begin XCBuildConfiguration section */
		3AF8DBC61B220DA40041A115 /* Debug */ = {
			isa = XCBuildConfiguration;
			buildSettings = {
				ALWAYS_SEARCH_USER_PATHS = NO;
				CLANG_CXX_LANGUAGE_STANDARD = "gnu++0x";
				CLANG_CXX_LIBRARY = "libc++";
				CLANG_ENABLE_MODULES = YES;
				CLANG_ENABLE_OBJC_ARC = YES;
				CLANG_WARN_BOOL_CONVERSION = YES;
				CLANG_WARN_CONSTANT_CONVERSION = YES;
				CLANG_WARN_DIRECT_OBJC_ISA_USAGE = YES_ERROR;
				CLANG_WARN_EMPTY_BODY = YES;
				CLANG_WARN_ENUM_CONVERSION = YES;
				CLANG_WARN_INT_CONVERSION = YES;
				CLANG_WARN_OBJC_ROOT_CLASS = YES_ERROR;
				CLANG_WARN_UNREACHABLE_CODE = YES;
				CLANG_WARN__DUPLICATE_METHOD_MATCH = YES;
				"CODE_SIGN_IDENTITY[sdk=iphoneos*]" = "iPhone Developer";
				COPY_PHASE_STRIP = NO;
				DEBUG_INFORMATION_FORMAT = "dwarf-with-dsym";
				ENABLE_STRICT_OBJC_MSGSEND = YES;
				GCC_C_LANGUAGE_STANDARD = gnu99;
				GCC_DYNAMIC_NO_PIC = NO;
				GCC_NO_COMMON_BLOCKS = YES;
				GCC_OPTIMIZATION_LEVEL = 0;
				GCC_PREPROCESSOR_DEFINITIONS = (
					"DEBUG=1",
					"$(inherited)",
				);
				GCC_SYMBOLS_PRIVATE_EXTERN = NO;
				GCC_WARN_64_TO_32_BIT_CONVERSION = YES;
				GCC_WARN_ABOUT_RETURN_TYPE = YES_ERROR;
				GCC_WARN_UNDECLARED_SELECTOR = YES;
				GCC_WARN_UNINITIALIZED_AUTOS = YES_AGGRESSIVE;
				GCC_WARN_UNUSED_FUNCTION = YES;
				GCC_WARN_UNUSED_VARIABLE = YES;
				IPHONEOS_DEPLOYMENT_TARGET = 8.3;
				MTL_ENABLE_DEBUG_INFO = YES;
				ONLY_ACTIVE_ARCH = YES;
				SDKROOT = iphoneos;
			};
			name = Debug;
		};
		3AF8DBC71B220DA40041A115 /* Release */ = {
			isa = XCBuildConfiguration;
			buildSettings = {
				ALWAYS_SEARCH_USER_PATHS = NO;
				CLANG_CXX_LANGUAGE_STANDARD = "gnu++0x";
				CLANG_CXX_LIBRARY = "libc++";
				CLANG_ENABLE_MODULES = YES;
				CLANG_ENABLE_OBJC_ARC = YES;
				CLANG_WARN_BOOL_CONVERSION = YES;
				CLANG_WARN_CONSTANT_CONVERSION = YES;
				CLANG_WARN_DIRECT_OBJC_ISA_USAGE = YES_ERROR;
				CLANG_WARN_EMPTY_BODY = YES;
				CLANG_WARN_ENUM_CONVERSION = YES;
				CLANG_WARN_INT_CONVERSION = YES;
				CLANG_WARN_OBJC_ROOT_CLASS = YES_ERROR;
				CLANG_WARN_UNREACHABLE_CODE = YES;
				CLANG_WARN__DUPLICATE_METHOD_MATCH = YES;
				"CODE_SIGN_IDENTITY[sdk=iphoneos*]" = "iPhone Developer";
				COPY_PHASE_STRIP = NO;
				DEBUG_INFORMATION_FORMAT = "dwarf-with-dsym";
				ENABLE_NS_ASSERTIONS = NO;
				ENABLE_STRICT_OBJC_MSGSEND = YES;
				GCC_C_LANGUAGE_STANDARD = gnu99;
				GCC_NO_COMMON_BLOCKS = YES;
				GCC_WARN_64_TO_32_BIT_CONVERSION = YES;
				GCC_WARN_ABOUT_RETURN_TYPE = YES_ERROR;
				GCC_WARN_UNDECLARED_SELECTOR = YES;
				GCC_WARN_UNINITIALIZED_AUTOS = YES_AGGRESSIVE;
				GCC_WARN_UNUSED_FUNCTION = YES;
				GCC_WARN_UNUSED_VARIABLE = YES;
				IPHONEOS_DEPLOYMENT_TARGET = 8.3;
				MTL_ENABLE_DEBUG_INFO = NO;
				SDKROOT = iphoneos;
				VALIDATE_PRODUCT = YES;
			};
			name = Release;
		};
		3AF8DBC91B220DA40041A115 /* Debug */ = {
			isa = XCBuildConfiguration;
			buildSettings = {
				ASSETCATALOG_COMPILER_APPICON_NAME = AppIcon;
				INFOPLIST_FILE = Attributor/Info.plist;
				LD_RUNPATH_SEARCH_PATHS = "$(inherited) @executable_path/Frameworks";
				PRODUCT_NAME = "$(TARGET_NAME)";
			};
			name = Debug;
		};
		3AF8DBCA1B220DA40041A115 /* Release */ = {
			isa = XCBuildConfiguration;
			buildSettings = {
				ASSETCATALOG_COMPILER_APPICON_NAME = AppIcon;
				INFOPLIST_FILE = Attributor/Info.plist;
				LD_RUNPATH_SEARCH_PATHS = "$(inherited) @executable_path/Frameworks";
				PRODUCT_NAME = "$(TARGET_NAME)";
			};
			name = Release;
		};
		3AF8DBCC1B220DA40041A115 /* Debug */ = {
			isa = XCBuildConfiguration;
			buildSettings = {
				BUNDLE_LOADER = "$(TEST_HOST)";
				FRAMEWORK_SEARCH_PATHS = (
					"$(SDKROOT)/Developer/Library/Frameworks",
					"$(inherited)",
				);
				GCC_PREPROCESSOR_DEFINITIONS = (
					"DEBUG=1",
					"$(inherited)",
				);
				INFOPLIST_FILE = AttributorTests/Info.plist;
				LD_RUNPATH_SEARCH_PATHS = "$(inherited) @executable_path/Frameworks @loader_path/Frameworks";
				PRODUCT_NAME = "$(TARGET_NAME)";
				TEST_HOST = "$(BUILT_PRODUCTS_DIR)/Attributor.app/Attributor";
			};
			name = Debug;
		};
		3AF8DBCD1B220DA40041A115 /* Release */ = {
			isa = XCBuildConfiguration;
			buildSettings = {
				BUNDLE_LOADER = "$(TEST_HOST)";
				FRAMEWORK_SEARCH_PATHS = (
					"$(SDKROOT)/Developer/Library/Frameworks",
					"$(inherited)",
				);
				INFOPLIST_FILE = AttributorTests/Info.plist;
				LD_RUNPATH_SEARCH_PATHS = "$(inherited) @executable_path/Frameworks @loader_path/Frameworks";
				PRODUCT_NAME = "$(TARGET_NAME)";
				TEST_HOST = "$(BUILT_PRODUCTS_DIR)/Attributor.app/Attributor";
			};
			name = Release;
		};
/* End XCBuildConfiguration section */

/* Begin XCConfigurationList section */
		3AF8DBA01B220DA40041A115 /* Build configuration list for PBXProject "Attributor" */ = {
			isa = XCConfigurationList;
			buildConfigurations = (
				3AF8DBC61B220DA40041A115 /* Debug */,
				3AF8DBC71B220DA40041A115 /* Release */,
			);
			defaultConfigurationIsVisible = 0;
			defaultConfigurationName = Release;
		};
		3AF8DBC81B220DA40041A115 /* Build configuration list for PBXNativeTarget "Attributor" */ = {
			isa = XCConfigurationList;
			buildConfigurations = (
				3AF8DBC91B220DA40041A115 /* Debug */,
				3AF8DBCA1B220DA40041A115 /* Release */,
			);
			defaultConfigurationIsVisible = 0;
		};
		3AF8DBCB1B220DA40041A115 /* Build configuration list for PBXNativeTarget "AttributorTests" */ = {
			isa = XCConfigurationList;
			buildConfigurations = (
				3AF8DBCC1B220DA40041A115 /* Debug */,
				3AF8DBCD1B220DA40041A115 /* Release */,
			);
			defaultConfigurationIsVisible = 0;
		};
/* End XCConfigurationList section */
	};
	rootObject = 3AF8DB9D1B220DA40041A115 /* Project object */;
}
