// !$*UTF8*$!
{
	archiveVersion = 1;
	classes = {
	};
	objectVersion = 46;
	objects = {

/* Begin PBXBuildFile section */
		3AF04B281B2F026E003F2EC0 /* main.m in Sources */ = {isa = PBXBuildFile; fileRef = 3AF04B271B2F026E003F2EC0 /* main.m */; };
		3AF04B2B1B2F026E003F2EC0 /* AppDelegate.m in Sources */ = {isa = PBXBuildFile; fileRef = 3AF04B2A1B2F026E003F2EC0 /* AppDelegate.m */; };
		3AF04B2E1B2F026E003F2EC0 /* ShutterbugViewController.m in Sources */ = {isa = PBXBuildFile; fileRef = 3AF04B2D1B2F026E003F2EC0 /* ShutterbugViewController.m */; };
		3AF04B311B2F026E003F2EC0 /* Main.storyboard in Resources */ = {isa = PBXBuildFile; fileRef = 3AF04B2F1B2F026E003F2EC0 /* Main.storyboard */; };
		3AF04B331B2F026E003F2EC0 /* Images.xcassets in Resources */ = {isa = PBXBuildFile; fileRef = 3AF04B321B2F026E003F2EC0 /* Images.xcassets */; };
		3AF04B361B2F026E003F2EC0 /* LaunchScreen.xib in Resources */ = {isa = PBXBuildFile; fileRef = 3AF04B341B2F026E003F2EC0 /* LaunchScreen.xib */; };
		3AF04B421B2F026E003F2EC0 /* ShutterbugTests.m in Sources */ = {isa = PBXBuildFile; fileRef = 3AF04B411B2F026E003F2EC0 /* ShutterbugTests.m */; };
		3AF04B4D1B2F02D3003F2EC0 /* FlickrPhotosTableViewController.m in Sources */ = {isa = PBXBuildFile; fileRef = 3AF04B4C1B2F02D3003F2EC0 /* FlickrPhotosTableViewController.m */; };
		3AF04B501B2F036E003F2EC0 /* JustPostedFlickrPhotosViewController.m in Sources */ = {isa = PBXBuildFile; fileRef = 3AF04B4F1B2F036E003F2EC0 /* JustPostedFlickrPhotosViewController.m */; };
		3AF04B561B2F064B003F2EC0 /* FlickrFetcher.m in Sources */ = {isa = PBXBuildFile; fileRef = 3AF04B551B2F064B003F2EC0 /* FlickrFetcher.m */; };
		3AF04B591B309941003F2EC0 /* ImageViewController.m in Sources */ = {isa = PBXBuildFile; fileRef = 3AF04B581B309941003F2EC0 /* ImageViewController.m */; };
/* End PBXBuildFile section */

/* Begin PBXContainerItemProxy section */
		3AF04B3C1B2F026E003F2EC0 /* PBXContainerItemProxy */ = {
			isa = PBXContainerItemProxy;
			containerPortal = 3AF04B1A1B2F026E003F2EC0 /* Project object */;
			proxyType = 1;
			remoteGlobalIDString = 3AF04B211B2F026E003F2EC0;
			remoteInfo = Shutterbug;
		};
/* End PBXContainerItemProxy section */

/* Begin PBXFileReference section */
		3AF04B221B2F026E003F2EC0 /* Shutterbug.app */ = {isa = PBXFileReference; explicitFileType = wrapper.application; includeInIndex = 0; path = Shutterbug.app; sourceTree = BUILT_PRODUCTS_DIR; };
		3AF04B261B2F026E003F2EC0 /* Info.plist */ = {isa = PBXFileReference; lastKnownFileType = text.plist.xml; path = Info.plist; sourceTree = "<group>"; };
		3AF04B271B2F026E003F2EC0 /* main.m */ = {isa = PBXFileReference; lastKnownFileType = sourcecode.c.objc; path = main.m; sourceTree = "<group>"; };
		3AF04B291B2F026E003F2EC0 /* AppDelegate.h */ = {isa = PBXFileReference; lastKnownFileType = sourcecode.c.h; path = AppDelegate.h; sourceTree = "<group>"; };
		3AF04B2A1B2F026E003F2EC0 /* AppDelegate.m */ = {isa = PBXFileReference; lastKnownFileType = sourcecode.c.objc; path = AppDelegate.m; sourceTree = "<group>"; };
		3AF04B2C1B2F026E003F2EC0 /* ShutterbugViewController.h */ = {isa = PBXFileReference; lastKnownFileType = sourcecode.c.h; path = ShutterbugViewController.h; sourceTree = "<group>"; };
		3AF04B2D1B2F026E003F2EC0 /* ShutterbugViewController.m */ = {isa = PBXFileReference; lastKnownFileType = sourcecode.c.objc; path = ShutterbugViewController.m; sourceTree = "<group>"; };
		3AF04B301B2F026E003F2EC0 /* Base */ = {isa = PBXFileReference; lastKnownFileType = file.storyboard; name = Base; path = Base.lproj/Main.storyboard; sourceTree = "<group>"; };
		3AF04B321B2F026E003F2EC0 /* Images.xcassets */ = {isa = PBXFileReference; lastKnownFileType = folder.assetcatalog; path = Images.xcassets; sourceTree = "<group>"; };
		3AF04B351B2F026E003F2EC0 /* Base */ = {isa = PBXFileReference; lastKnownFileType = file.xib; name = Base; path = Base.lproj/LaunchScreen.xib; sourceTree = "<group>"; };
		3AF04B3B1B2F026E003F2EC0 /* ShutterbugTests.xctest */ = {isa = PBXFileReference; explicitFileType = wrapper.cfbundle; includeInIndex = 0; path = ShutterbugTests.xctest; sourceTree = BUILT_PRODUCTS_DIR; };
		3AF04B401B2F026E003F2EC0 /* Info.plist */ = {isa = PBXFileReference; lastKnownFileType = text.plist.xml; path = Info.plist; sourceTree = "<group>"; };
		3AF04B411B2F026E003F2EC0 /* ShutterbugTests.m */ = {isa = PBXFileReference; lastKnownFileType = sourcecode.c.objc; path = ShutterbugTests.m; sourceTree = "<group>"; };
		3AF04B4B1B2F02D3003F2EC0 /* FlickrPhotosTableViewController.h */ = {isa = PBXFileReference; fileEncoding = 4; lastKnownFileType = sourcecode.c.h; path = FlickrPhotosTableViewController.h; sourceTree = "<group>"; };
		3AF04B4C1B2F02D3003F2EC0 /* FlickrPhotosTableViewController.m */ = {isa = PBXFileReference; fileEncoding = 4; lastKnownFileType = sourcecode.c.objc; path = FlickrPhotosTableViewController.m; sourceTree = "<group>"; };
		3AF04B4E1B2F036E003F2EC0 /* JustPostedFlickrPhotosViewController.h */ = {isa = PBXFileReference; fileEncoding = 4; lastKnownFileType = sourcecode.c.h; path = JustPostedFlickrPhotosViewController.h; sourceTree = "<group>"; };
		3AF04B4F1B2F036E003F2EC0 /* JustPostedFlickrPhotosViewController.m */ = {isa = PBXFileReference; fileEncoding = 4; lastKnownFileType = sourcecode.c.objc; path = JustPostedFlickrPhotosViewController.m; sourceTree = "<group>"; };
		3AF04B531B2F064B003F2EC0 /* FlickrAPIKey.h */ = {isa = PBXFileReference; fileEncoding = 4; lastKnownFileType = sourcecode.c.h; name = FlickrAPIKey.h; path = Shutterbug/FlickrAPIKey.h; sourceTree = "<group>"; };
		3AF04B541B2F064B003F2EC0 /* FlickrFetcher.h */ = {isa = PBXFileReference; fileEncoding = 4; lastKnownFileType = sourcecode.c.h; name = FlickrFetcher.h; path = Shutterbug/FlickrFetcher.h; sourceTree = "<group>"; };
		3AF04B551B2F064B003F2EC0 /* FlickrFetcher.m */ = {isa = PBXFileReference; fileEncoding = 4; lastKnownFileType = sourcecode.c.objc; name = FlickrFetcher.m; path = Shutterbug/FlickrFetcher.m; sourceTree = "<group>"; };
		3AF04B571B309941003F2EC0 /* ImageViewController.h */ = {isa = PBXFileReference; fileEncoding = 4; lastKnownFileType = sourcecode.c.h; path = ImageViewController.h; sourceTree = "<group>"; };
		3AF04B581B309941003F2EC0 /* ImageViewController.m */ = {isa = PBXFileReference; fileEncoding = 4; lastKnownFileType = sourcecode.c.objc; path = ImageViewController.m; sourceTree = "<group>"; };
/* End PBXFileReference section */

/* Begin PBXFrameworksBuildPhase section */
		3AF04B1F1B2F026E003F2EC0 /* Frameworks */ = {
			isa = PBXFrameworksBuildPhase;
			buildActionMask = 2147483647;
			files = (
			);
			runOnlyForDeploymentPostprocessing = 0;
		};
		3AF04B381B2F026E003F2EC0 /* Frameworks */ = {
			isa = PBXFrameworksBuildPhase;
			buildActionMask = 2147483647;
			files = (
			);
			runOnlyForDeploymentPostprocessing = 0;
		};
/* End PBXFrameworksBuildPhase section */

/* Begin PBXGroup section */
		3AF04B191B2F026E003F2EC0 = {
			isa = PBXGroup;
			children = (
				3AF04B531B2F064B003F2EC0 /* FlickrAPIKey.h */,
				3AF04B541B2F064B003F2EC0 /* FlickrFetcher.h */,
				3AF04B551B2F064B003F2EC0 /* FlickrFetcher.m */,
				3AF04B241B2F026E003F2EC0 /* Shutterbug */,
				3AF04B3E1B2F026E003F2EC0 /* ShutterbugTests */,
				3AF04B231B2F026E003F2EC0 /* Products */,
			);
			sourceTree = "<group>";
		};
		3AF04B231B2F026E003F2EC0 /* Products */ = {
			isa = PBXGroup;
			children = (
				3AF04B221B2F026E003F2EC0 /* Shutterbug.app */,
				3AF04B3B1B2F026E003F2EC0 /* ShutterbugTests.xctest */,
			);
			name = Products;
			sourceTree = "<group>";
		};
		3AF04B241B2F026E003F2EC0 /* Shutterbug */ = {
			isa = PBXGroup;
			children = (
				3AF04B571B309941003F2EC0 /* ImageViewController.h */,
				3AF04B581B309941003F2EC0 /* ImageViewController.m */,
				3AF04B2C1B2F026E003F2EC0 /* ShutterbugViewController.h */,
				3AF04B2D1B2F026E003F2EC0 /* ShutterbugViewController.m */,
				3AF04B2F1B2F026E003F2EC0 /* Main.storyboard */,
				3AF04B4B1B2F02D3003F2EC0 /* FlickrPhotosTableViewController.h */,
				3AF04B4C1B2F02D3003F2EC0 /* FlickrPhotosTableViewController.m */,
				3AF04B4E1B2F036E003F2EC0 /* JustPostedFlickrPhotosViewController.h */,
				3AF04B4F1B2F036E003F2EC0 /* JustPostedFlickrPhotosViewController.m */,
				3AF04B321B2F026E003F2EC0 /* Images.xcassets */,
				3AF04B341B2F026E003F2EC0 /* LaunchScreen.xib */,
				3AF04B251B2F026E003F2EC0 /* Supporting Files */,
			);
			path = Shutterbug;
			sourceTree = "<group>";
		};
		3AF04B251B2F026E003F2EC0 /* Supporting Files */ = {
			isa = PBXGroup;
			children = (
				3AF04B291B2F026E003F2EC0 /* AppDelegate.h */,
				3AF04B2A1B2F026E003F2EC0 /* AppDelegate.m */,
				3AF04B261B2F026E003F2EC0 /* Info.plist */,
				3AF04B271B2F026E003F2EC0 /* main.m */,
			);
			name = "Supporting Files";
			sourceTree = "<group>";
		};
		3AF04B3E1B2F026E003F2EC0 /* ShutterbugTests */ = {
			isa = PBXGroup;
			children = (
				3AF04B411B2F026E003F2EC0 /* ShutterbugTests.m */,
				3AF04B3F1B2F026E003F2EC0 /* Supporting Files */,
			);
			path = ShutterbugTests;
			sourceTree = "<group>";
		};
		3AF04B3F1B2F026E003F2EC0 /* Supporting Files */ = {
			isa = PBXGroup;
			children = (
				3AF04B401B2F026E003F2EC0 /* Info.plist */,
			);
			name = "Supporting Files";
			sourceTree = "<group>";
		};
/* End PBXGroup section */

/* Begin PBXNativeTarget section */
		3AF04B211B2F026E003F2EC0 /* Shutterbug */ = {
			isa = PBXNativeTarget;
			buildConfigurationList = 3AF04B451B2F026E003F2EC0 /* Build configuration list for PBXNativeTarget "Shutterbug" */;
			buildPhases = (
				3AF04B1E1B2F026E003F2EC0 /* Sources */,
				3AF04B1F1B2F026E003F2EC0 /* Frameworks */,
				3AF04B201B2F026E003F2EC0 /* Resources */,
			);
			buildRules = (
			);
			dependencies = (
			);
			name = Shutterbug;
			productName = Shutterbug;
			productReference = 3AF04B221B2F026E003F2EC0 /* Shutterbug.app */;
			productType = "com.apple.product-type.application";
		};
		3AF04B3A1B2F026E003F2EC0 /* ShutterbugTests */ = {
			isa = PBXNativeTarget;
			buildConfigurationList = 3AF04B481B2F026E003F2EC0 /* Build configuration list for PBXNativeTarget "ShutterbugTests" */;
			buildPhases = (
				3AF04B371B2F026E003F2EC0 /* Sources */,
				3AF04B381B2F026E003F2EC0 /* Frameworks */,
				3AF04B391B2F026E003F2EC0 /* Resources */,
			);
			buildRules = (
			);
			dependencies = (
				3AF04B3D1B2F026E003F2EC0 /* PBXTargetDependency */,
			);
			name = ShutterbugTests;
			productName = ShutterbugTests;
			productReference = 3AF04B3B1B2F026E003F2EC0 /* ShutterbugTests.xctest */;
			productType = "com.apple.product-type.bundle.unit-test";
		};
/* End PBXNativeTarget section */

/* Begin PBXProject section */
		3AF04B1A1B2F026E003F2EC0 /* Project object */ = {
			isa = PBXProject;
			attributes = {
				LastUpgradeCheck = 0630;
				ORGANIZATIONNAME = "Ryan Walberg";
				TargetAttributes = {
					3AF04B211B2F026E003F2EC0 = {
						CreatedOnToolsVersion = 6.3.2;
					};
					3AF04B3A1B2F026E003F2EC0 = {
						CreatedOnToolsVersion = 6.3.2;
						TestTargetID = 3AF04B211B2F026E003F2EC0;
					};
				};
			};
			buildConfigurationList = 3AF04B1D1B2F026E003F2EC0 /* Build configuration list for PBXProject "Shutterbug" */;
			compatibilityVersion = "Xcode 3.2";
			developmentRegion = English;
			hasScannedForEncodings = 0;
			knownRegions = (
				en,
				Base,
			);
			mainGroup = 3AF04B191B2F026E003F2EC0;
			productRefGroup = 3AF04B231B2F026E003F2EC0 /* Products */;
			projectDirPath = "";
			projectRoot = "";
			targets = (
				3AF04B211B2F026E003F2EC0 /* Shutterbug */,
				3AF04B3A1B2F026E003F2EC0 /* ShutterbugTests */,
			);
		};
/* End PBXProject section */

/* Begin PBXResourcesBuildPhase section */
		3AF04B201B2F026E003F2EC0 /* Resources */ = {
			isa = PBXResourcesBuildPhase;
			buildActionMask = 2147483647;
			files = (
				3AF04B311B2F026E003F2EC0 /* Main.storyboard in Resources */,
				3AF04B361B2F026E003F2EC0 /* LaunchScreen.xib in Resources */,
				3AF04B331B2F026E003F2EC0 /* Images.xcassets in Resources */,
			);
			runOnlyForDeploymentPostprocessing = 0;
		};
		3AF04B391B2F026E003F2EC0 /* Resources */ = {
			isa = PBXResourcesBuildPhase;
			buildActionMask = 2147483647;
			files = (
			);
			runOnlyForDeploymentPostprocessing = 0;
		};
/* End PBXResourcesBuildPhase section */

/* Begin PBXSourcesBuildPhase section */
		3AF04B1E1B2F026E003F2EC0 /* Sources */ = {
			isa = PBXSourcesBuildPhase;
			buildActionMask = 2147483647;
			files = (
				3AF04B501B2F036E003F2EC0 /* JustPostedFlickrPhotosViewController.m in Sources */,
				3AF04B2E1B2F026E003F2EC0 /* ShutterbugViewController.m in Sources */,
				3AF04B4D1B2F02D3003F2EC0 /* FlickrPhotosTableViewController.m in Sources */,
				3AF04B2B1B2F026E003F2EC0 /* AppDelegate.m in Sources */,
				3AF04B561B2F064B003F2EC0 /* FlickrFetcher.m in Sources */,
				3AF04B591B309941003F2EC0 /* ImageViewController.m in Sources */,
				3AF04B281B2F026E003F2EC0 /* main.m in Sources */,
			);
			runOnlyForDeploymentPostprocessing = 0;
		};
		3AF04B371B2F026E003F2EC0 /* Sources */ = {
			isa = PBXSourcesBuildPhase;
			buildActionMask = 2147483647;
			files = (
				3AF04B421B2F026E003F2EC0 /* ShutterbugTests.m in Sources */,
			);
			runOnlyForDeploymentPostprocessing = 0;
		};
/* End PBXSourcesBuildPhase section */

/* Begin PBXTargetDependency section */
		3AF04B3D1B2F026E003F2EC0 /* PBXTargetDependency */ = {
			isa = PBXTargetDependency;
			target = 3AF04B211B2F026E003F2EC0 /* Shutterbug */;
			targetProxy = 3AF04B3C1B2F026E003F2EC0 /* PBXContainerItemProxy */;
		};
/* End PBXTargetDependency section */

/* Begin PBXVariantGroup section */
		3AF04B2F1B2F026E003F2EC0 /* Main.storyboard */ = {
			isa = PBXVariantGroup;
			children = (
				3AF04B301B2F026E003F2EC0 /* Base */,
			);
			name = Main.storyboard;
			sourceTree = "<group>";
		};
		3AF04B341B2F026E003F2EC0 /* LaunchScreen.xib */ = {
			isa = PBXVariantGroup;
			children = (
				3AF04B351B2F026E003F2EC0 /* Base */,
			);
			name = LaunchScreen.xib;
			sourceTree = "<group>";
		};
/* End PBXVariantGroup section */

/* Begin XCBuildConfiguration section */
		3AF04B431B2F026E003F2EC0 /* Debug */ = {
			isa = XCBuildConfiguration;
			buildSettings = {
				ALWAYS_SEARCH_USER_PATHS = NO;
				CLANG_CXX_LANGUAGE_STANDARD = "gnu++0x";
				CLANG_CXX_LIBRARY = "libc++";
				CLANG_ENABLE_MODULES = YES;
				CLANG_ENABLE_OBJC_ARC = YES;
				CLANG_WARN_BOOL_CONVERSION = YES;
				CLANG_WARN_CONSTANT_CONVERSION = YES;
				CLANG_WARN_DIRECT_OBJC_ISA_USAGE = YES_ERROR;
				CLANG_WARN_EMPTY_BODY = YES;
				CLANG_WARN_ENUM_CONVERSION = YES;
				CLANG_WARN_INT_CONVERSION = YES;
				CLANG_WARN_OBJC_ROOT_CLASS = YES_ERROR;
				CLANG_WARN_UNREACHABLE_CODE = YES;
				CLANG_WARN__DUPLICATE_METHOD_MATCH = YES;
				"CODE_SIGN_IDENTITY[sdk=iphoneos*]" = "iPhone Developer";
				COPY_PHASE_STRIP = NO;
				DEBUG_INFORMATION_FORMAT = "dwarf-with-dsym";
				ENABLE_STRICT_OBJC_MSGSEND = YES;
				GCC_C_LANGUAGE_STANDARD = gnu99;
				GCC_DYNAMIC_NO_PIC = NO;
				GCC_NO_COMMON_BLOCKS = YES;
				GCC_OPTIMIZATION_LEVEL = 0;
				GCC_PREPROCESSOR_DEFINITIONS = (
					"DEBUG=1",
					"$(inherited)",
				);
				GCC_SYMBOLS_PRIVATE_EXTERN = NO;
				GCC_WARN_64_TO_32_BIT_CONVERSION = YES;
				GCC_WARN_ABOUT_RETURN_TYPE = YES_ERROR;
				GCC_WARN_UNDECLARED_SELECTOR = YES;
				GCC_WARN_UNINITIALIZED_AUTOS = YES_AGGRESSIVE;
				GCC_WARN_UNUSED_FUNCTION = YES;
				GCC_WARN_UNUSED_VARIABLE = YES;
				IPHONEOS_DEPLOYMENT_TARGET = 8.3;
				MTL_ENABLE_DEBUG_INFO = YES;
				ONLY_ACTIVE_ARCH = YES;
				SDKROOT = iphoneos;
				TARGETED_DEVICE_FAMILY = "1,2";
			};
			name = Debug;
		};
		3AF04B441B2F026E003F2EC0 /* Release */ = {
			isa = XCBuildConfiguration;
			buildSettings = {
				ALWAYS_SEARCH_USER_PATHS = NO;
				CLANG_CXX_LANGUAGE_STANDARD = "gnu++0x";
				CLANG_CXX_LIBRARY = "libc++";
				CLANG_ENABLE_MODULES = YES;
				CLANG_ENABLE_OBJC_ARC = YES;
				CLANG_WARN_BOOL_CONVERSION = YES;
				CLANG_WARN_CONSTANT_CONVERSION = YES;
				CLANG_WARN_DIRECT_OBJC_ISA_USAGE = YES_ERROR;
				CLANG_WARN_EMPTY_BODY = YES;
				CLANG_WARN_ENUM_CONVERSION = YES;
				CLANG_WARN_INT_CONVERSION = YES;
				CLANG_WARN_OBJC_ROOT_CLASS = YES_ERROR;
				CLANG_WARN_UNREACHABLE_CODE = YES;
				CLANG_WARN__DUPLICATE_METHOD_MATCH = YES;
				"CODE_SIGN_IDENTITY[sdk=iphoneos*]" = "iPhone Developer";
				COPY_PHASE_STRIP = NO;
				DEBUG_INFORMATION_FORMAT = "dwarf-with-dsym";
				ENABLE_NS_ASSERTIONS = NO;
				ENABLE_STRICT_OBJC_MSGSEND = YES;
				GCC_C_LANGUAGE_STANDARD = gnu99;
				GCC_NO_COMMON_BLOCKS = YES;
				GCC_WARN_64_TO_32_BIT_CONVERSION = YES;
				GCC_WARN_ABOUT_RETURN_TYPE = YES_ERROR;
				GCC_WARN_UNDECLARED_SELECTOR = YES;
				GCC_WARN_UNINITIALIZED_AUTOS = YES_AGGRESSIVE;
				GCC_WARN_UNUSED_FUNCTION = YES;
				GCC_WARN_UNUSED_VARIABLE = YES;
				IPHONEOS_DEPLOYMENT_TARGET = 8.3;
				MTL_ENABLE_DEBUG_INFO = NO;
				SDKROOT = iphoneos;
				TARGETED_DEVICE_FAMILY = "1,2";
				VALIDATE_PRODUCT = YES;
			};
			name = Release;
		};
		3AF04B461B2F026E003F2EC0 /* Debug */ = {
			isa = XCBuildConfiguration;
			buildSettings = {
				ASSETCATALOG_COMPILER_APPICON_NAME = AppIcon;
				INFOPLIST_FILE = Shutterbug/Info.plist;
				LD_RUNPATH_SEARCH_PATHS = "$(inherited) @executable_path/Frameworks";
				PRODUCT_NAME = "$(TARGET_NAME)";
			};
			name = Debug;
		};
		3AF04B471B2F026E003F2EC0 /* Release */ = {
			isa = XCBuildConfiguration;
			buildSettings = {
				ASSETCATALOG_COMPILER_APPICON_NAME = AppIcon;
				INFOPLIST_FILE = Shutterbug/Info.plist;
				LD_RUNPATH_SEARCH_PATHS = "$(inherited) @executable_path/Frameworks";
				PRODUCT_NAME = "$(TARGET_NAME)";
			};
			name = Release;
		};
		3AF04B491B2F026E003F2EC0 /* Debug */ = {
			isa = XCBuildConfiguration;
			buildSettings = {
				BUNDLE_LOADER = "$(TEST_HOST)";
				FRAMEWORK_SEARCH_PATHS = (
					"$(SDKROOT)/Developer/Library/Frameworks",
					"$(inherited)",
				);
				GCC_PREPROCESSOR_DEFINITIONS = (
					"DEBUG=1",
					"$(inherited)",
				);
				INFOPLIST_FILE = ShutterbugTests/Info.plist;
				LD_RUNPATH_SEARCH_PATHS = "$(inherited) @executable_path/Frameworks @loader_path/Frameworks";
				PRODUCT_NAME = "$(TARGET_NAME)";
				TEST_HOST = "$(BUILT_PRODUCTS_DIR)/Shutterbug.app/Shutterbug";
			};
			name = Debug;
		};
		3AF04B4A1B2F026E003F2EC0 /* Release */ = {
			isa = XCBuildConfiguration;
			buildSettings = {
				BUNDLE_LOADER = "$(TEST_HOST)";
				FRAMEWORK_SEARCH_PATHS = (
					"$(SDKROOT)/Developer/Library/Frameworks",
					"$(inherited)",
				);
				INFOPLIST_FILE = ShutterbugTests/Info.plist;
				LD_RUNPATH_SEARCH_PATHS = "$(inherited) @executable_path/Frameworks @loader_path/Frameworks";
				PRODUCT_NAME = "$(TARGET_NAME)";
				TEST_HOST = "$(BUILT_PRODUCTS_DIR)/Shutterbug.app/Shutterbug";
			};
			name = Release;
		};
/* End XCBuildConfiguration section */

/* Begin XCConfigurationList section */
		3AF04B1D1B2F026E003F2EC0 /* Build configuration list for PBXProject "Shutterbug" */ = {
			isa = XCConfigurationList;
			buildConfigurations = (
				3AF04B431B2F026E003F2EC0 /* Debug */,
				3AF04B441B2F026E003F2EC0 /* Release */,
			);
			defaultConfigurationIsVisible = 0;
			defaultConfigurationName = Release;
		};
		3AF04B451B2F026E003F2EC0 /* Build configuration list for PBXNativeTarget "Shutterbug" */ = {
			isa = XCConfigurationList;
			buildConfigurations = (
				3AF04B461B2F026E003F2EC0 /* Debug */,
				3AF04B471B2F026E003F2EC0 /* Release */,
			);
			defaultConfigurationIsVisible = 0;
			defaultConfigurationName = Release;
		};
		3AF04B481B2F026E003F2EC0 /* Build configuration list for PBXNativeTarget "ShutterbugTests" */ = {
			isa = XCConfigurationList;
			buildConfigurations = (
				3AF04B491B2F026E003F2EC0 /* Debug */,
				3AF04B4A1B2F026E003F2EC0 /* Release */,
			);
			defaultConfigurationIsVisible = 0;
			defaultConfigurationName = Release;
		};
/* End XCConfigurationList section */
	};
	rootObject = 3AF04B1A1B2F026E003F2EC0 /* Project object */;
}
